
Microsoft Visual Studio Solution File, Format Version 12.00
# Visual Studio Version 17
VisualStudioVersion = 17.0.32126.317
MinimumVisualStudioVersion = 10.0.40219.1
Project("{FAE04EC0-301F-11D3-BF4B-00C04F79EFBC}") = "DZ_SQL", "DZ_SQL.csproj", "{DF2B943D-E88D-4687-9B59-EA35F23C4087}"
EndProject
Global
	GlobalSection(SolutionConfigurationPlatforms) = preSolution
		Debug|Any CPU = Debug|Any CPU
		Release|Any CPU = Release|Any CPU
	EndGlobalSection
	GlobalSection(ProjectConfigurationPlatforms) = postSolution
		{DF2B943D-E88D-4687-9B59-EA35F23C4087}.Debug|Any CPU.ActiveCfg = Debug|Any CPU
		{DF2B943D-E88D-4687-9B59-EA35F23C4087}.Debug|Any CPU.Build.0 = Debug|Any CPU
		{DF2B943D-E88D-4687-9B59-EA35F23C4087}.Release|Any CPU.ActiveCfg = Release|Any CPU
		{DF2B943D-E88D-4687-9B59-EA35F23C4087}.Release|Any CPU.Build.0 = Release|Any CPU
	EndGlobalSection
	GlobalSection(SolutionProperties) = preSolution
		HideSolutionNode = FALSE
	EndGlobalSection
	GlobalSection(ExtensibilityGlobals) = postSolution
		SolutionGuid = {6E43221A-5DFF-4A5D-B57B-1CF86C61EF05}
	EndGlobalSection
EndGlobal
